
Microsoft Visual Studio Solution File, Format Version 12.00
# Visual Studio Version 17
VisualStudioVersion = 17.0.31903.59
MinimumVisualStudioVersion = 10.0.40219.1
Project("{9A19103F-16F7-4668-BE54-9A1E7A4F7556}") = "RichillCapital.Studio.Web", "RichillCapital.Studio.Web\RichillCapital.Studio.Web.csproj", "{B2F8E507-AFF2-4159-9A37-E9141E0B1A1D}"
EndProject
Global
	GlobalSection(SolutionConfigurationPlatforms) = preSolution
		Debug|Any CPU = Debug|Any CPU
		Release|Any CPU = Release|Any CPU
	EndGlobalSection
	GlobalSection(ProjectConfigurationPlatforms) = postSolution
		{B2F8E507-AFF2-4159-9A37-E9141E0B1A1D}.Debug|Any CPU.ActiveCfg = Debug|Any CPU
		{B2F8E507-AFF2-4159-9A37-E9141E0B1A1D}.Debug|Any CPU.Build.0 = Debug|Any CPU
		{B2F8E507-AFF2-4159-9A37-E9141E0B1A1D}.Release|Any CPU.ActiveCfg = Release|Any CPU
		{B2F8E507-AFF2-4159-9A37-E9141E0B1A1D}.Release|Any CPU.Build.0 = Release|Any CPU
	EndGlobalSection
	GlobalSection(SolutionProperties) = preSolution
		HideSolutionNode = FALSE
	EndGlobalSection
	GlobalSection(ExtensibilityGlobals) = postSolution
		SolutionGuid = {56CE4186-5168-4734-A9BB-95B261A65233}
	EndGlobalSection
EndGlobal
